// !$*UTF8*$!
{
	archiveVersion = 1;
	classes = {
	};
	objectVersion = 50;
	objects = {

/* Begin PBXBuildFile section */
		EA944DA9262F716C00CDDF1C /* YapodexApp.swift in Sources */ = {isa = PBXBuildFile; fileRef = EA944DA8262F716C00CDDF1C /* YapodexApp.swift */; };
		EA944DAB262F716C00CDDF1C /* PokemonListView.swift in Sources */ = {isa = PBXBuildFile; fileRef = EA944DAA262F716C00CDDF1C /* PokemonListView.swift */; };
		EA944DAD262F716D00CDDF1C /* Assets.xcassets in Resources */ = {isa = PBXBuildFile; fileRef = EA944DAC262F716D00CDDF1C /* Assets.xcassets */; };
		EA944DB0262F716D00CDDF1C /* Preview Assets.xcassets in Resources */ = {isa = PBXBuildFile; fileRef = EA944DAF262F716D00CDDF1C /* Preview Assets.xcassets */; };
		EA944DC1262F810A00CDDF1C /* PokemonUtils.swift in Sources */ = {isa = PBXBuildFile; fileRef = EA944DC0262F810A00CDDF1C /* PokemonUtils.swift */; };
		EA944DC7262F84DD00CDDF1C /* Pokemon.swift in Sources */ = {isa = PBXBuildFile; fileRef = EA944DC6262F84DD00CDDF1C /* Pokemon.swift */; };
		EA989E5A2630A36500DC0860 /* FilterSheet.swift in Sources */ = {isa = PBXBuildFile; fileRef = EA989E592630A36500DC0860 /* FilterSheet.swift */; };
		EA989E622630B3E300DC0860 /* MainView.swift in Sources */ = {isa = PBXBuildFile; fileRef = EA989E612630B3E300DC0860 /* MainView.swift */; };
		EA989E652630B5B900DC0860 /* PokemonDetailView.swift in Sources */ = {isa = PBXBuildFile; fileRef = EA989E642630B5B900DC0860 /* PokemonDetailView.swift */; };
		EAF73C582631CF2E006C1445 /* KantoData.json in Resources */ = {isa = PBXBuildFile; fileRef = EAF73C572631CF2E006C1445 /* KantoData.json */; };
		EAF73C5C2631D56A006C1445 /* PokemonViewModel.swift in Sources */ = {isa = PBXBuildFile; fileRef = EAF73C5B2631D56A006C1445 /* PokemonViewModel.swift */; };
/* End PBXBuildFile section */

/* Begin PBXFileReference section */
		EA944DA5262F716C00CDDF1C /* Yapodex.app */ = {isa = PBXFileReference; explicitFileType = wrapper.application; includeInIndex = 0; path = Yapodex.app; sourceTree = BUILT_PRODUCTS_DIR; };
		EA944DA8262F716C00CDDF1C /* YapodexApp.swift */ = {isa = PBXFileReference; lastKnownFileType = sourcecode.swift; path = YapodexApp.swift; sourceTree = "<group>"; };
		EA944DAA262F716C00CDDF1C /* PokemonListView.swift */ = {isa = PBXFileReference; lastKnownFileType = sourcecode.swift; path = PokemonListView.swift; sourceTree = "<group>"; };
		EA944DAC262F716D00CDDF1C /* Assets.xcassets */ = {isa = PBXFileReference; lastKnownFileType = folder.assetcatalog; path = Assets.xcassets; sourceTree = "<group>"; };
		EA944DAF262F716D00CDDF1C /* Preview Assets.xcassets */ = {isa = PBXFileReference; lastKnownFileType = folder.assetcatalog; path = "Preview Assets.xcassets"; sourceTree = "<group>"; };
		EA944DB1262F716D00CDDF1C /* Info.plist */ = {isa = PBXFileReference; lastKnownFileType = text.plist.xml; path = Info.plist; sourceTree = "<group>"; };
		EA944DC0262F810A00CDDF1C /* PokemonUtils.swift */ = {isa = PBXFileReference; lastKnownFileType = sourcecode.swift; path = PokemonUtils.swift; sourceTree = "<group>"; };
		EA944DC6262F84DD00CDDF1C /* Pokemon.swift */ = {isa = PBXFileReference; lastKnownFileType = sourcecode.swift; path = Pokemon.swift; sourceTree = "<group>"; };
		EA989E592630A36500DC0860 /* FilterSheet.swift */ = {isa = PBXFileReference; lastKnownFileType = sourcecode.swift; path = FilterSheet.swift; sourceTree = "<group>"; };
		EA989E612630B3E300DC0860 /* MainView.swift */ = {isa = PBXFileReference; lastKnownFileType = sourcecode.swift; path = MainView.swift; sourceTree = "<group>"; };
		EA989E642630B5B900DC0860 /* PokemonDetailView.swift */ = {isa = PBXFileReference; lastKnownFileType = sourcecode.swift; path = PokemonDetailView.swift; sourceTree = "<group>"; };
		EAF73C572631CF2E006C1445 /* KantoData.json */ = {isa = PBXFileReference; fileEncoding = 4; lastKnownFileType = text.json; path = KantoData.json; sourceTree = "<group>"; };
		EAF73C5B2631D56A006C1445 /* PokemonViewModel.swift */ = {isa = PBXFileReference; lastKnownFileType = sourcecode.swift; path = PokemonViewModel.swift; sourceTree = "<group>"; };
/* End PBXFileReference section */

/* Begin PBXFrameworksBuildPhase section */
		EA944DA2262F716C00CDDF1C /* Frameworks */ = {
			isa = PBXFrameworksBuildPhase;
			buildActionMask = 2147483647;
			files = (
			);
			runOnlyForDeploymentPostprocessing = 0;
		};
/* End PBXFrameworksBuildPhase section */

/* Begin PBXGroup section */
		EA944D9C262F716C00CDDF1C = {
			isa = PBXGroup;
			children = (
				EA944DA7262F716C00CDDF1C /* Yapodex */,
				EA944DA6262F716C00CDDF1C /* Products */,
			);
			sourceTree = "<group>";
		};
		EA944DA6262F716C00CDDF1C /* Products */ = {
			isa = PBXGroup;
			children = (
				EA944DA5262F716C00CDDF1C /* Yapodex.app */,
			);
			name = Products;
			sourceTree = "<group>";
		};
		EA944DA7262F716C00CDDF1C /* Yapodex */ = {
			isa = PBXGroup;
			children = (
				EA944DA8262F716C00CDDF1C /* YapodexApp.swift */,
				EA944DB9262F80BF00CDDF1C /* Model */,
				EA944DBA262F80C700CDDF1C /* View */,
				EAF73C5E2631DB63006C1445 /* ViewModel */,
				EA944DBF262F80F400CDDF1C /* Utils */,
				EAF73C5F2631DE4F006C1445 /* Data */,
				EA944DAC262F716D00CDDF1C /* Assets.xcassets */,
				EA944DB1262F716D00CDDF1C /* Info.plist */,
				EA944DAE262F716D00CDDF1C /* Preview Content */,
			);
			path = Yapodex;
			sourceTree = "<group>";
		};
		EA944DAE262F716D00CDDF1C /* Preview Content */ = {
			isa = PBXGroup;
			children = (
				EA944DAF262F716D00CDDF1C /* Preview Assets.xcassets */,
			);
			path = "Preview Content";
			sourceTree = "<group>";
		};
		EA944DB9262F80BF00CDDF1C /* Model */ = {
			isa = PBXGroup;
			children = (
				EA944DC6262F84DD00CDDF1C /* Pokemon.swift */,
			);
			path = Model;
			sourceTree = "<group>";
		};
		EA944DBA262F80C700CDDF1C /* View */ = {
			isa = PBXGroup;
			children = (
				EA989E612630B3E300DC0860 /* MainView.swift */,
				EA944DAA262F716C00CDDF1C /* PokemonListView.swift */,
				EA989E592630A36500DC0860 /* FilterSheet.swift */,
				EA989E642630B5B900DC0860 /* PokemonDetailView.swift */,
			);
			path = View;
			sourceTree = "<group>";
		};
		EA944DBF262F80F400CDDF1C /* Utils */ = {
			isa = PBXGroup;
			children = (
				EA944DC0262F810A00CDDF1C /* PokemonUtils.swift */,
			);
			path = Utils;
			sourceTree = "<group>";
		};
		EAF73C5E2631DB63006C1445 /* ViewModel */ = {
			isa = PBXGroup;
			children = (
				EAF73C5B2631D56A006C1445 /* PokemonViewModel.swift */,
			);
			path = ViewModel;
			sourceTree = "<group>";
		};
		EAF73C5F2631DE4F006C1445 /* Data */ = {
			isa = PBXGroup;
			children = (
				EAF73C572631CF2E006C1445 /* KantoData.json */,
			);
			path = Data;
			sourceTree = "<group>";
		};
/* End PBXGroup section */

/* Begin PBXNativeTarget section */
		EA944DA4262F716C00CDDF1C /* Yapodex */ = {
			isa = PBXNativeTarget;
			buildConfigurationList = EA944DB4262F716D00CDDF1C /* Build configuration list for PBXNativeTarget "Yapodex" */;
			buildPhases = (
				EA944DA1262F716C00CDDF1C /* Sources */,
				EA944DA2262F716C00CDDF1C /* Frameworks */,
				EA944DA3262F716C00CDDF1C /* Resources */,
			);
			buildRules = (
			);
			dependencies = (
			);
			name = Yapodex;
			productName = Yapodex;
			productReference = EA944DA5262F716C00CDDF1C /* Yapodex.app */;
			productType = "com.apple.product-type.application";
		};
/* End PBXNativeTarget section */

/* Begin PBXProject section */
		EA944D9D262F716C00CDDF1C /* Project object */ = {
			isa = PBXProject;
			attributes = {
				LastSwiftUpdateCheck = 1240;
				LastUpgradeCheck = 1240;
				TargetAttributes = {
					EA944DA4262F716C00CDDF1C = {
						CreatedOnToolsVersion = 12.4;
					};
				};
			};
			buildConfigurationList = EA944DA0262F716C00CDDF1C /* Build configuration list for PBXProject "Yapodex" */;
			compatibilityVersion = "Xcode 9.3";
			developmentRegion = en;
			hasScannedForEncodings = 0;
			knownRegions = (
				en,
				Base,
			);
			mainGroup = EA944D9C262F716C00CDDF1C;
			productRefGroup = EA944DA6262F716C00CDDF1C /* Products */;
			projectDirPath = "";
			projectRoot = "";
			targets = (
				EA944DA4262F716C00CDDF1C /* Yapodex */,
			);
		};
/* End PBXProject section */

/* Begin PBXResourcesBuildPhase section */
		EA944DA3262F716C00CDDF1C /* Resources */ = {
			isa = PBXResourcesBuildPhase;
			buildActionMask = 2147483647;
			files = (
				EA944DB0262F716D00CDDF1C /* Preview Assets.xcassets in Resources */,
				EAF73C582631CF2E006C1445 /* KantoData.json in Resources */,
				EA944DAD262F716D00CDDF1C /* Assets.xcassets in Resources */,
			);
			runOnlyForDeploymentPostprocessing = 0;
		};
/* End PBXResourcesBuildPhase section */

/* Begin PBXSourcesBuildPhase section */
		EA944DA1262F716C00CDDF1C /* Sources */ = {
			isa = PBXSourcesBuildPhase;
			buildActionMask = 2147483647;
			files = (
				EA944DC7262F84DD00CDDF1C /* Pokemon.swift in Sources */,
				EA989E652630B5B900DC0860 /* PokemonDetailView.swift in Sources */,
				EA989E622630B3E300DC0860 /* MainView.swift in Sources */,
				EA944DAB262F716C00CDDF1C /* PokemonListView.swift in Sources */,
				EA944DA9262F716C00CDDF1C /* YapodexApp.swift in Sources */,
				EA944DC1262F810A00CDDF1C /* PokemonUtils.swift in Sources */,
				EAF73C5C2631D56A006C1445 /* PokemonViewModel.swift in Sources */,
				EA989E5A2630A36500DC0860 /* FilterSheet.swift in Sources */,
			);
			runOnlyForDeploymentPostprocessing = 0;
		};
/* End PBXSourcesBuildPhase section */

/* Begin XCBuildConfiguration section */
		EA944DB2262F716D00CDDF1C /* Debug */ = {
			isa = XCBuildConfiguration;
			buildSettings = {
				ALWAYS_SEARCH_USER_PATHS = NO;
				CLANG_ANALYZER_NONNULL = YES;
				CLANG_ANALYZER_NUMBER_OBJECT_CONVERSION = YES_AGGRESSIVE;
				CLANG_CXX_LANGUAGE_STANDARD = "gnu++14";
				CLANG_CXX_LIBRARY = "libc++";
				CLANG_ENABLE_MODULES = YES;
				CLANG_ENABLE_OBJC_ARC = YES;
				CLANG_ENABLE_OBJC_WEAK = YES;
				CLANG_WARN_BLOCK_CAPTURE_AUTORELEASING = YES;
				CLANG_WARN_BOOL_CONVERSION = YES;
				CLANG_WARN_COMMA = YES;
				CLANG_WARN_CONSTANT_CONVERSION = YES;
				CLANG_WARN_DEPRECATED_OBJC_IMPLEMENTATIONS = YES;
				CLANG_WARN_DIRECT_OBJC_ISA_USAGE = YES_ERROR;
				CLANG_WARN_DOCUMENTATION_COMMENTS = YES;
				CLANG_WARN_EMPTY_BODY = YES;
				CLANG_WARN_ENUM_CONVERSION = YES;
				CLANG_WARN_INFINITE_RECURSION = YES;
				CLANG_WARN_INT_CONVERSION = YES;
				CLANG_WARN_NON_LITERAL_NULL_CONVERSION = YES;
				CLANG_WARN_OBJC_IMPLICIT_RETAIN_SELF = YES;
				CLANG_WARN_OBJC_LITERAL_CONVERSION = YES;
				CLANG_WARN_OBJC_ROOT_CLASS = YES_ERROR;
				CLANG_WARN_QUOTED_INCLUDE_IN_FRAMEWORK_HEADER = YES;
				CLANG_WARN_RANGE_LOOP_ANALYSIS = YES;
				CLANG_WARN_STRICT_PROTOTYPES = YES;
				CLANG_WARN_SUSPICIOUS_MOVE = YES;
				CLANG_WARN_UNGUARDED_AVAILABILITY = YES_AGGRESSIVE;
				CLANG_WARN_UNREACHABLE_CODE = YES;
				CLANG_WARN__DUPLICATE_METHOD_MATCH = YES;
				COPY_PHASE_STRIP = NO;
				DEBUG_INFORMATION_FORMAT = dwarf;
				ENABLE_STRICT_OBJC_MSGSEND = YES;
				ENABLE_TESTABILITY = YES;
				GCC_C_LANGUAGE_STANDARD = gnu11;
				GCC_DYNAMIC_NO_PIC = NO;
				GCC_NO_COMMON_BLOCKS = YES;
				GCC_OPTIMIZATION_LEVEL = 0;
				GCC_PREPROCESSOR_DEFINITIONS = (
					"DEBUG=1",
					"$(inherited)",
				);
				GCC_WARN_64_TO_32_BIT_CONVERSION = YES;
				GCC_WARN_ABOUT_RETURN_TYPE = YES_ERROR;
				GCC_WARN_UNDECLARED_SELECTOR = YES;
				GCC_WARN_UNINITIALIZED_AUTOS = YES_AGGRESSIVE;
				GCC_WARN_UNUSED_FUNCTION = YES;
				GCC_WARN_UNUSED_VARIABLE = YES;
				IPHONEOS_DEPLOYMENT_TARGET = 14.4;
				MTL_ENABLE_DEBUG_INFO = INCLUDE_SOURCE;
				MTL_FAST_MATH = YES;
				ONLY_ACTIVE_ARCH = YES;
				SDKROOT = iphoneos;
				SWIFT_ACTIVE_COMPILATION_CONDITIONS = DEBUG;
				SWIFT_OPTIMIZATION_LEVEL = "-Onone";
			};
			name = Debug;
		};
		EA944DB3262F716D00CDDF1C /* Release */ = {
			isa = XCBuildConfiguration;
			buildSettings = {
				ALWAYS_SEARCH_USER_PATHS = NO;
				CLANG_ANALYZER_NONNULL = YES;
				CLANG_ANALYZER_NUMBER_OBJECT_CONVERSION = YES_AGGRESSIVE;
				CLANG_CXX_LANGUAGE_STANDARD = "gnu++14";
				CLANG_CXX_LIBRARY = "libc++";
				CLANG_ENABLE_MODULES = YES;
				CLANG_ENABLE_OBJC_ARC = YES;
				CLANG_ENABLE_OBJC_WEAK = YES;
				CLANG_WARN_BLOCK_CAPTURE_AUTORELEASING = YES;
				CLANG_WARN_BOOL_CONVERSION = YES;
				CLANG_WARN_COMMA = YES;
				CLANG_WARN_CONSTANT_CONVERSION = YES;
				CLANG_WARN_DEPRECATED_OBJC_IMPLEMENTATIONS = YES;
				CLANG_WARN_DIRECT_OBJC_ISA_USAGE = YES_ERROR;
				CLANG_WARN_DOCUMENTATION_COMMENTS = YES;
				CLANG_WARN_EMPTY_BODY = YES;
				CLANG_WARN_ENUM_CONVERSION = YES;
				CLANG_WARN_INFINITE_RECURSION = YES;
				CLANG_WARN_INT_CONVERSION = YES;
				CLANG_WARN_NON_LITERAL_NULL_CONVERSION = YES;
				CLANG_WARN_OBJC_IMPLICIT_RETAIN_SELF = YES;
				CLANG_WARN_OBJC_LITERAL_CONVERSION = YES;
				CLANG_WARN_OBJC_ROOT_CLASS = YES_ERROR;
				CLANG_WARN_QUOTED_INCLUDE_IN_FRAMEWORK_HEADER = YES;
				CLANG_WARN_RANGE_LOOP_ANALYSIS = YES;
				CLANG_WARN_STRICT_PROTOTYPES = YES;
				CLANG_WARN_SUSPICIOUS_MOVE = YES;
				CLANG_WARN_UNGUARDED_AVAILABILITY = YES_AGGRESSIVE;
				CLANG_WARN_UNREACHABLE_CODE = YES;
				CLANG_WARN__DUPLICATE_METHOD_MATCH = YES;
				COPY_PHASE_STRIP = NO;
				DEBUG_INFORMATION_FORMAT = "dwarf-with-dsym";
				ENABLE_NS_ASSERTIONS = NO;
				ENABLE_STRICT_OBJC_MSGSEND = YES;
				GCC_C_LANGUAGE_STANDARD = gnu11;
				GCC_NO_COMMON_BLOCKS = YES;
				GCC_WARN_64_TO_32_BIT_CONVERSION = YES;
				GCC_WARN_ABOUT_RETURN_TYPE = YES_ERROR;
				GCC_WARN_UNDECLARED_SELECTOR = YES;
				GCC_WARN_UNINITIALIZED_AUTOS = YES_AGGRESSIVE;
				GCC_WARN_UNUSED_FUNCTION = YES;
				GCC_WARN_UNUSED_VARIABLE = YES;
				IPHONEOS_DEPLOYMENT_TARGET = 14.4;
				MTL_ENABLE_DEBUG_INFO = NO;
				MTL_FAST_MATH = YES;
				SDKROOT = iphoneos;
				SWIFT_COMPILATION_MODE = wholemodule;
				SWIFT_OPTIMIZATION_LEVEL = "-O";
				VALIDATE_PRODUCT = YES;
			};
			name = Release;
		};
		EA944DB5262F716D00CDDF1C /* Debug */ = {
			isa = XCBuildConfiguration;
			buildSettings = {
				ASSETCATALOG_COMPILER_APPICON_NAME = AppIcon;
				ASSETCATALOG_COMPILER_GLOBAL_ACCENT_COLOR_NAME = AccentColor;
				CODE_SIGN_STYLE = Automatic;
				DEVELOPMENT_ASSET_PATHS = "\"Yapodex/Preview Content\"";
				DEVELOPMENT_TEAM = 4QCY7TG9Y2;
				ENABLE_PREVIEWS = YES;
				INFOPLIST_FILE = Yapodex/Info.plist;
				IPHONEOS_DEPLOYMENT_TARGET = 14.0;
				LD_RUNPATH_SEARCH_PATHS = (
					"$(inherited)",
					"@executable_path/Frameworks",
				);
				PRODUCT_BUNDLE_IDENTIFIER = team.thereddev.Yapodex;
				PRODUCT_NAME = "$(TARGET_NAME)";
				SWIFT_VERSION = 5.0;
				TARGETED_DEVICE_FAMILY = "1,2";
			};
			name = Debug;
		};
		EA944DB6262F716D00CDDF1C /* Release */ = {
			isa = XCBuildConfiguration;
			buildSettings = {
				ASSETCATALOG_COMPILER_APPICON_NAME = AppIcon;
				ASSETCATALOG_COMPILER_GLOBAL_ACCENT_COLOR_NAME = AccentColor;
				CODE_SIGN_STYLE = Automatic;
				DEVELOPMENT_ASSET_PATHS = "\"Yapodex/Preview Content\"";
				DEVELOPMENT_TEAM = 4QCY7TG9Y2;
				ENABLE_PREVIEWS = YES;
				INFOPLIST_FILE = Yapodex/Info.plist;
				IPHONEOS_DEPLOYMENT_TARGET = 14.0;
				LD_RUNPATH_SEARCH_PATHS = (
					"$(inherited)",
					"@executable_path/Frameworks",
				);
				PRODUCT_BUNDLE_IDENTIFIER = team.thereddev.Yapodex;
				PRODUCT_NAME = "$(TARGET_NAME)";
				SWIFT_VERSION = 5.0;
				TARGETED_DEVICE_FAMILY = "1,2";
			};
			name = Release;
		};
/* End XCBuildConfiguration section */

/* Begin XCConfigurationList section */
		EA944DA0262F716C00CDDF1C /* Build configuration list for PBXProject "Yapodex" */ = {
			isa = XCConfigurationList;
			buildConfigurations = (
				EA944DB2262F716D00CDDF1C /* Debug */,
				EA944DB3262F716D00CDDF1C /* Release */,
			);
			defaultConfigurationIsVisible = 0;
			defaultConfigurationName = Release;
		};
		EA944DB4262F716D00CDDF1C /* Build configuration list for PBXNativeTarget "Yapodex" */ = {
			isa = XCConfigurationList;
			buildConfigurations = (
				EA944DB5262F716D00CDDF1C /* Debug */,
				EA944DB6262F716D00CDDF1C /* Release */,
			);
			defaultConfigurationIsVisible = 0;
			defaultConfigurationName = Release;
		};
/* End XCConfigurationList section */
	};
	rootObject = EA944D9D262F716C00CDDF1C /* Project object */;
}
